
Microsoft Visual Studio Solution File, Format Version 12.00
# Visual Studio Version 17
VisualStudioVersion = 17.8.34511.84
MinimumVisualStudioVersion = 10.0.40219.1
Project("{FAE04EC0-301F-11D3-BF4B-00C04F79EFBC}") = "WEB-CRUD-API", "WEB-CRUD-API\WEB-CRUD-API.csproj", "{29048BE8-EB71-4CC1-9721-B9F429737FA6}"
EndProject
Global
	GlobalSection(SolutionConfigurationPlatforms) = preSolution
		Debug|Any CPU = Debug|Any CPU
		Release|Any CPU = Release|Any CPU
	EndGlobalSection
	GlobalSection(ProjectConfigurationPlatforms) = postSolution
		{29048BE8-EB71-4CC1-9721-B9F429737FA6}.Debug|Any CPU.ActiveCfg = Debug|Any CPU
		{29048BE8-EB71-4CC1-9721-B9F429737FA6}.Debug|Any CPU.Build.0 = Debug|Any CPU
		{29048BE8-EB71-4CC1-9721-B9F429737FA6}.Release|Any CPU.ActiveCfg = Release|Any CPU
		{29048BE8-EB71-4CC1-9721-B9F429737FA6}.Release|Any CPU.Build.0 = Release|Any CPU
	EndGlobalSection
	GlobalSection(SolutionProperties) = preSolution
		HideSolutionNode = FALSE
	EndGlobalSection
	GlobalSection(ExtensibilityGlobals) = postSolution
		SolutionGuid = {E8F2A832-3169-494D-B202-AACEB1579E83}
	EndGlobalSection
EndGlobal
